
Microsoft Visual Studio Solution File, Format Version 12.00
# TcXaeShell Solution File, Format Version 11.00
VisualStudioVersion = 17.10.35827.194
MinimumVisualStudioVersion = 10.0.40219.1
Project("{B1E792BE-AA5F-4E3C-8C82-674BF9C0715B}") = "Flower_PLC_HMI", "Flower_PLC_HMI\Flower_PLC_HMI.tsproj", "{C4B2AD73-1156-4C4D-BB60-0750ABFE4A68}"
EndProject
Project("{FE7A1B72-C5B7-4D7C-BB7D-76384D4DE8E1}") = "Flower_HMI", "Flower_HMI\Flower_HMI.hmiproj", "{3DCD9121-B366-4F48-BA07-B0DE3899573C}"
EndProject
Global
	GlobalSection(SolutionConfigurationPlatforms) = preSolution
		Debug|TwinCAT HMI = Debug|TwinCAT HMI
		Debug|TwinCAT OS (ARMV7-A) = Debug|TwinCAT OS (ARMV7-A)
		Debug|TwinCAT OS (ARMV7-M) = Debug|TwinCAT OS (ARMV7-M)
		Debug|TwinCAT OS (ARMV8-A) = Debug|TwinCAT OS (ARMV8-A)
		Debug|TwinCAT OS (x64) = Debug|TwinCAT OS (x64)
		Debug|TwinCAT OS (x64-E) = Debug|TwinCAT OS (x64-E)
		Debug|TwinCAT RT (x64) = Debug|TwinCAT RT (x64)
		Debug|TwinCAT RT (x86) = Debug|TwinCAT RT (x86)
		Release|TwinCAT HMI = Release|TwinCAT HMI
		Release|TwinCAT OS (ARMV7-A) = Release|TwinCAT OS (ARMV7-A)
		Release|TwinCAT OS (ARMV7-M) = Release|TwinCAT OS (ARMV7-M)
		Release|TwinCAT OS (ARMV8-A) = Release|TwinCAT OS (ARMV8-A)
		Release|TwinCAT OS (x64) = Release|TwinCAT OS (x64)
		Release|TwinCAT OS (x64-E) = Release|TwinCAT OS (x64-E)
		Release|TwinCAT RT (x64) = Release|TwinCAT RT (x64)
		Release|TwinCAT RT (x86) = Release|TwinCAT RT (x86)
	EndGlobalSection
	GlobalSection(ProjectConfigurationPlatforms) = postSolution
		{C4B2AD73-1156-4C4D-BB60-0750ABFE4A68}.Debug|TwinCAT HMI.ActiveCfg = Debug|TwinCAT RT (x86)
		{C4B2AD73-1156-4C4D-BB60-0750ABFE4A68}.Debug|TwinCAT HMI.Build.0 = Debug|TwinCAT RT (x86)
		{C4B2AD73-1156-4C4D-BB60-0750ABFE4A68}.Debug|TwinCAT OS (ARMV7-A).ActiveCfg = Debug|TwinCAT OS (ARMV7-A)
		{C4B2AD73-1156-4C4D-BB60-0750ABFE4A68}.Debug|TwinCAT OS (ARMV7-A).Build.0 = Debug|TwinCAT OS (ARMV7-A)
		{C4B2AD73-1156-4C4D-BB60-0750ABFE4A68}.Debug|TwinCAT OS (ARMV7-M).ActiveCfg = Debug|TwinCAT OS (ARMV7-M)
		{C4B2AD73-1156-4C4D-BB60-0750ABFE4A68}.Debug|TwinCAT OS (ARMV7-M).Build.0 = Debug|TwinCAT OS (ARMV7-M)
		{C4B2AD73-1156-4C4D-BB60-0750ABFE4A68}.Debug|TwinCAT OS (ARMV8-A).ActiveCfg = Debug|TwinCAT OS (ARMV8-A)
		{C4B2AD73-1156-4C4D-BB60-0750ABFE4A68}.Debug|TwinCAT OS (ARMV8-A).Build.0 = Debug|TwinCAT OS (ARMV8-A)
		{C4B2AD73-1156-4C4D-BB60-0750ABFE4A68}.Debug|TwinCAT OS (x64).ActiveCfg = Debug|TwinCAT OS (x64)
		{C4B2AD73-1156-4C4D-BB60-0750ABFE4A68}.Debug|TwinCAT OS (x64).Build.0 = Debug|TwinCAT OS (x64)
		{C4B2AD73-1156-4C4D-BB60-0750ABFE4A68}.Debug|TwinCAT OS (x64-E).ActiveCfg = Debug|TwinCAT OS (x64-E)
		{C4B2AD73-1156-4C4D-BB60-0750ABFE4A68}.Debug|TwinCAT OS (x64-E).Build.0 = Debug|TwinCAT OS (x64-E)
		{C4B2AD73-1156-4C4D-BB60-0750ABFE4A68}.Debug|TwinCAT RT (x64).ActiveCfg = Debug|TwinCAT RT (x64)
		{C4B2AD73-1156-4C4D-BB60-0750ABFE4A68}.Debug|TwinCAT RT (x64).Build.0 = Debug|TwinCAT RT (x64)
		{C4B2AD73-1156-4C4D-BB60-0750ABFE4A68}.Debug|TwinCAT RT (x86).ActiveCfg = Debug|TwinCAT RT (x86)
		{C4B2AD73-1156-4C4D-BB60-0750ABFE4A68}.Debug|TwinCAT RT (x86).Build.0 = Debug|TwinCAT RT (x86)
		{C4B2AD73-1156-4C4D-BB60-0750ABFE4A68}.Release|TwinCAT HMI.ActiveCfg = Release|TwinCAT RT (x86)
		{C4B2AD73-1156-4C4D-BB60-0750ABFE4A68}.Release|TwinCAT HMI.Build.0 = Release|TwinCAT RT (x86)
		{C4B2AD73-1156-4C4D-BB60-0750ABFE4A68}.Release|TwinCAT OS (ARMV7-A).ActiveCfg = Release|TwinCAT OS (ARMV7-A)
		{C4B2AD73-1156-4C4D-BB60-0750ABFE4A68}.Release|TwinCAT OS (ARMV7-A).Build.0 = Release|TwinCAT OS (ARMV7-A)
		{C4B2AD73-1156-4C4D-BB60-0750ABFE4A68}.Release|TwinCAT OS (ARMV7-M).ActiveCfg = Release|TwinCAT OS (ARMV7-M)
		{C4B2AD73-1156-4C4D-BB60-0750ABFE4A68}.Release|TwinCAT OS (ARMV7-M).Build.0 = Release|TwinCAT OS (ARMV7-M)
		{C4B2AD73-1156-4C4D-BB60-0750ABFE4A68}.Release|TwinCAT OS (ARMV8-A).ActiveCfg = Release|TwinCAT OS (ARMV8-A)
		{C4B2AD73-1156-4C4D-BB60-0750ABFE4A68}.Release|TwinCAT OS (ARMV8-A).Build.0 = Release|TwinCAT OS (ARMV8-A)
		{C4B2AD73-1156-4C4D-BB60-0750ABFE4A68}.Release|TwinCAT OS (x64).ActiveCfg = Release|TwinCAT OS (x64)
		{C4B2AD73-1156-4C4D-BB60-0750ABFE4A68}.Release|TwinCAT OS (x64).Build.0 = Release|TwinCAT OS (x64)
		{C4B2AD73-1156-4C4D-BB60-0750ABFE4A68}.Release|TwinCAT OS (x64-E).ActiveCfg = Release|TwinCAT OS (x64-E)
		{C4B2AD73-1156-4C4D-BB60-0750ABFE4A68}.Release|TwinCAT OS (x64-E).Build.0 = Release|TwinCAT OS (x64-E)
		{C4B2AD73-1156-4C4D-BB60-0750ABFE4A68}.Release|TwinCAT RT (x64).ActiveCfg = Release|TwinCAT RT (x64)
		{C4B2AD73-1156-4C4D-BB60-0750ABFE4A68}.Release|TwinCAT RT (x64).Build.0 = Release|TwinCAT RT (x64)
		{C4B2AD73-1156-4C4D-BB60-0750ABFE4A68}.Release|TwinCAT RT (x86).ActiveCfg = Release|TwinCAT RT (x86)
		{C4B2AD73-1156-4C4D-BB60-0750ABFE4A68}.Release|TwinCAT RT (x86).Build.0 = Release|TwinCAT RT (x86)
		{3DCD9121-B366-4F48-BA07-B0DE3899573C}.Debug|TwinCAT HMI.ActiveCfg = Debug|TwinCAT HMI
		{3DCD9121-B366-4F48-BA07-B0DE3899573C}.Debug|TwinCAT HMI.Build.0 = Debug|TwinCAT HMI
		{3DCD9121-B366-4F48-BA07-B0DE3899573C}.Debug|TwinCAT OS (ARMV7-A).ActiveCfg = Debug|TwinCAT HMI
		{3DCD9121-B366-4F48-BA07-B0DE3899573C}.Debug|TwinCAT OS (ARMV7-A).Build.0 = Debug|TwinCAT HMI
		{3DCD9121-B366-4F48-BA07-B0DE3899573C}.Debug|TwinCAT OS (ARMV7-M).ActiveCfg = Debug|TwinCAT HMI
		{3DCD9121-B366-4F48-BA07-B0DE3899573C}.Debug|TwinCAT OS (ARMV7-M).Build.0 = Debug|TwinCAT HMI
		{3DCD9121-B366-4F48-BA07-B0DE3899573C}.Debug|TwinCAT OS (ARMV8-A).ActiveCfg = Debug|TwinCAT HMI
		{3DCD9121-B366-4F48-BA07-B0DE3899573C}.Debug|TwinCAT OS (ARMV8-A).Build.0 = Debug|TwinCAT HMI
		{3DCD9121-B366-4F48-BA07-B0DE3899573C}.Debug|TwinCAT OS (x64).ActiveCfg = Debug|TwinCAT HMI
		{3DCD9121-B366-4F48-BA07-B0DE3899573C}.Debug|TwinCAT OS (x64).Build.0 = Debug|TwinCAT HMI
		{3DCD9121-B366-4F48-BA07-B0DE3899573C}.Debug|TwinCAT OS (x64-E).ActiveCfg = Debug|TwinCAT HMI
		{3DCD9121-B366-4F48-BA07-B0DE3899573C}.Debug|TwinCAT OS (x64-E).Build.0 = Debug|TwinCAT HMI
		{3DCD9121-B366-4F48-BA07-B0DE3899573C}.Debug|TwinCAT RT (x64).ActiveCfg = Debug|TwinCAT HMI
		{3DCD9121-B366-4F48-BA07-B0DE3899573C}.Debug|TwinCAT RT (x64).Build.0 = Debug|TwinCAT HMI
		{3DCD9121-B366-4F48-BA07-B0DE3899573C}.Debug|TwinCAT RT (x86).ActiveCfg = Debug|TwinCAT HMI
		{3DCD9121-B366-4F48-BA07-B0DE3899573C}.Debug|TwinCAT RT (x86).Build.0 = Debug|TwinCAT HMI
		{3DCD9121-B366-4F48-BA07-B0DE3899573C}.Release|TwinCAT HMI.ActiveCfg = Release|TwinCAT HMI
		{3DCD9121-B366-4F48-BA07-B0DE3899573C}.Release|TwinCAT HMI.Build.0 = Release|TwinCAT HMI
		{3DCD9121-B366-4F48-BA07-B0DE3899573C}.Release|TwinCAT OS (ARMV7-A).ActiveCfg = Release|TwinCAT HMI
		{3DCD9121-B366-4F48-BA07-B0DE3899573C}.Release|TwinCAT OS (ARMV7-A).Build.0 = Release|TwinCAT HMI
		{3DCD9121-B366-4F48-BA07-B0DE3899573C}.Release|TwinCAT OS (ARMV7-M).ActiveCfg = Release|TwinCAT HMI
		{3DCD9121-B366-4F48-BA07-B0DE3899573C}.Release|TwinCAT OS (ARMV7-M).Build.0 = Release|TwinCAT HMI
		{3DCD9121-B366-4F48-BA07-B0DE3899573C}.Release|TwinCAT OS (ARMV8-A).ActiveCfg = Release|TwinCAT HMI
		{3DCD9121-B366-4F48-BA07-B0DE3899573C}.Release|TwinCAT OS (ARMV8-A).Build.0 = Release|TwinCAT HMI
		{3DCD9121-B366-4F48-BA07-B0DE3899573C}.Release|TwinCAT OS (x64).ActiveCfg = Release|TwinCAT HMI
		{3DCD9121-B366-4F48-BA07-B0DE3899573C}.Release|TwinCAT OS (x64).Build.0 = Release|TwinCAT HMI
		{3DCD9121-B366-4F48-BA07-B0DE3899573C}.Release|TwinCAT OS (x64-E).ActiveCfg = Release|TwinCAT HMI
		{3DCD9121-B366-4F48-BA07-B0DE3899573C}.Release|TwinCAT OS (x64-E).Build.0 = Release|TwinCAT HMI
		{3DCD9121-B366-4F48-BA07-B0DE3899573C}.Release|TwinCAT RT (x64).ActiveCfg = Release|TwinCAT HMI
		{3DCD9121-B366-4F48-BA07-B0DE3899573C}.Release|TwinCAT RT (x64).Build.0 = Release|TwinCAT HMI
		{3DCD9121-B366-4F48-BA07-B0DE3899573C}.Release|TwinCAT RT (x86).ActiveCfg = Release|TwinCAT HMI
		{3DCD9121-B366-4F48-BA07-B0DE3899573C}.Release|TwinCAT RT (x86).Build.0 = Release|TwinCAT HMI
		{CDA13425-DE55-41D1-8B6D-E32BEAC7D966}.Debug|TwinCAT HMI.ActiveCfg = Debug|TwinCAT RT (x64)
		{CDA13425-DE55-41D1-8B6D-E32BEAC7D966}.Debug|TwinCAT HMI.Build.0 = Debug|TwinCAT RT (x64)
		{CDA13425-DE55-41D1-8B6D-E32BEAC7D966}.Debug|TwinCAT OS (ARMV7-A).ActiveCfg = Debug|TwinCAT OS (ARMV7-A)
		{CDA13425-DE55-41D1-8B6D-E32BEAC7D966}.Debug|TwinCAT OS (ARMV7-A).Build.0 = Debug|TwinCAT OS (ARMV7-A)
		{CDA13425-DE55-41D1-8B6D-E32BEAC7D966}.Debug|TwinCAT OS (ARMV7-M).ActiveCfg = Debug|TwinCAT OS (ARMV7-M)
		{CDA13425-DE55-41D1-8B6D-E32BEAC7D966}.Debug|TwinCAT OS (ARMV7-M).Build.0 = Debug|TwinCAT OS (ARMV7-M)
		{CDA13425-DE55-41D1-8B6D-E32BEAC7D966}.Debug|TwinCAT OS (ARMV8-A).ActiveCfg = Debug|TwinCAT OS (ARMV8-A)
		{CDA13425-DE55-41D1-8B6D-E32BEAC7D966}.Debug|TwinCAT OS (ARMV8-A).Build.0 = Debug|TwinCAT OS (ARMV8-A)
		{CDA13425-DE55-41D1-8B6D-E32BEAC7D966}.Debug|TwinCAT OS (x64).ActiveCfg = Debug|TwinCAT OS (x64)
		{CDA13425-DE55-41D1-8B6D-E32BEAC7D966}.Debug|TwinCAT OS (x64).Build.0 = Debug|TwinCAT OS (x64)
		{CDA13425-DE55-41D1-8B6D-E32BEAC7D966}.Debug|TwinCAT OS (x64-E).ActiveCfg = Debug|TwinCAT OS (x64-E)
		{CDA13425-DE55-41D1-8B6D-E32BEAC7D966}.Debug|TwinCAT OS (x64-E).Build.0 = Debug|TwinCAT OS (x64-E)
		{CDA13425-DE55-41D1-8B6D-E32BEAC7D966}.Debug|TwinCAT RT (x64).ActiveCfg = Debug|TwinCAT RT (x64)
		{CDA13425-DE55-41D1-8B6D-E32BEAC7D966}.Debug|TwinCAT RT (x64).Build.0 = Debug|TwinCAT RT (x64)
		{CDA13425-DE55-41D1-8B6D-E32BEAC7D966}.Debug|TwinCAT RT (x86).ActiveCfg = Debug|TwinCAT RT (x86)
		{CDA13425-DE55-41D1-8B6D-E32BEAC7D966}.Debug|TwinCAT RT (x86).Build.0 = Debug|TwinCAT RT (x86)
		{CDA13425-DE55-41D1-8B6D-E32BEAC7D966}.Release|TwinCAT HMI.ActiveCfg = Release|TwinCAT RT (x64)
		{CDA13425-DE55-41D1-8B6D-E32BEAC7D966}.Release|TwinCAT HMI.Build.0 = Release|TwinCAT RT (x64)
		{CDA13425-DE55-41D1-8B6D-E32BEAC7D966}.Release|TwinCAT OS (ARMV7-A).ActiveCfg = Release|TwinCAT OS (ARMV7-A)
		{CDA13425-DE55-41D1-8B6D-E32BEAC7D966}.Release|TwinCAT OS (ARMV7-A).Build.0 = Release|TwinCAT OS (ARMV7-A)
		{CDA13425-DE55-41D1-8B6D-E32BEAC7D966}.Release|TwinCAT OS (ARMV7-M).ActiveCfg = Release|TwinCAT OS (ARMV7-M)
		{CDA13425-DE55-41D1-8B6D-E32BEAC7D966}.Release|TwinCAT OS (ARMV7-M).Build.0 = Release|TwinCAT OS (ARMV7-M)
		{CDA13425-DE55-41D1-8B6D-E32BEAC7D966}.Release|TwinCAT OS (ARMV8-A).ActiveCfg = Release|TwinCAT OS (ARMV8-A)
		{CDA13425-DE55-41D1-8B6D-E32BEAC7D966}.Release|TwinCAT OS (ARMV8-A).Build.0 = Release|TwinCAT OS (ARMV8-A)
		{CDA13425-DE55-41D1-8B6D-E32BEAC7D966}.Release|TwinCAT OS (x64).ActiveCfg = Release|TwinCAT OS (x64)
		{CDA13425-DE55-41D1-8B6D-E32BEAC7D966}.Release|TwinCAT OS (x64).Build.0 = Release|TwinCAT OS (x64)
		{CDA13425-DE55-41D1-8B6D-E32BEAC7D966}.Release|TwinCAT OS (x64-E).ActiveCfg = Release|TwinCAT OS (x64-E)
		{CDA13425-DE55-41D1-8B6D-E32BEAC7D966}.Release|TwinCAT OS (x64-E).Build.0 = Release|TwinCAT OS (x64-E)
		{CDA13425-DE55-41D1-8B6D-E32BEAC7D966}.Release|TwinCAT RT (x64).ActiveCfg = Release|TwinCAT RT (x64)
		{CDA13425-DE55-41D1-8B6D-E32BEAC7D966}.Release|TwinCAT RT (x64).Build.0 = Release|TwinCAT RT (x64)
		{CDA13425-DE55-41D1-8B6D-E32BEAC7D966}.Release|TwinCAT RT (x86).ActiveCfg = Release|TwinCAT RT (x86)
		{CDA13425-DE55-41D1-8B6D-E32BEAC7D966}.Release|TwinCAT RT (x86).Build.0 = Release|TwinCAT RT (x86)
	EndGlobalSection
	GlobalSection(SolutionProperties) = preSolution
		HideSolutionNode = FALSE
	EndGlobalSection
	GlobalSection(ExtensibilityGlobals) = postSolution
		SolutionGuid = {90FB1A7E-B57D-4BFD-A03E-F610A8EB56E3}
	EndGlobalSection
EndGlobal
